// !$*UTF8*$!
{
	archiveVersion = 1;
	classes = {
	};
	objectVersion = 56;
	objects = {

/* Begin PBXBuildFile section */
		562632862D2E347200DB238B /* LoginBSViewController.swift in Sources */ = {isa = PBXBuildFile; fileRef = 562632852D2E347200DB238B /* LoginBSViewController.swift */; };
		562632882D2E351C00DB238B /* LoginBottomSheetView.swift in Sources */ = {isa = PBXBuildFile; fileRef = 562632872D2E351C00DB238B /* LoginBottomSheetView.swift */; };
		56D6EBE72D2DAD3000CEB750 /* AppDelegate.swift in Sources */ = {isa = PBXBuildFile; fileRef = 56D6EBE62D2DAD3000CEB750 /* AppDelegate.swift */; };
		56D6EBE92D2DAD3000CEB750 /* SceneDelegate.swift in Sources */ = {isa = PBXBuildFile; fileRef = 56D6EBE82D2DAD3000CEB750 /* SceneDelegate.swift */; };
		56D6EBF02D2DAD3600CEB750 /* Assets.xcassets in Resources */ = {isa = PBXBuildFile; fileRef = 56D6EBEF2D2DAD3600CEB750 /* Assets.xcassets */; };
		56D6EBFE2D2DB87C00CEB750 /* SplashViewController.swift in Sources */ = {isa = PBXBuildFile; fileRef = 56D6EBFD2D2DB87C00CEB750 /* SplashViewController.swift */; };
		56D6EC002D2DB94400CEB750 /* SplashView.swift in Sources */ = {isa = PBXBuildFile; fileRef = 56D6EBFF2D2DB94400CEB750 /* SplashView.swift */; };
		56D6EC042D2DD68D00CEB750 /* Colors.swift in Sources */ = {isa = PBXBuildFile; fileRef = 56D6EC032D2DD68D00CEB750 /* Colors.swift */; };
		56D6EC072D2DE41800CEB750 /* Text.swift in Sources */ = {isa = PBXBuildFile; fileRef = 56D6EC062D2DE41800CEB750 /* Text.swift */; };
		56D6EC0A2D2DE66200CEB750 /* Metrics.swift in Sources */ = {isa = PBXBuildFile; fileRef = 56D6EC092D2DE66200CEB750 /* Metrics.swift */; };
/* End PBXBuildFile section */

/* Begin PBXFileReference section */
		562632852D2E347200DB238B /* LoginBSViewController.swift */ = {isa = PBXFileReference; lastKnownFileType = sourcecode.swift; path = LoginBSViewController.swift; sourceTree = "<group>"; };
		562632872D2E351C00DB238B /* LoginBottomSheetView.swift */ = {isa = PBXFileReference; lastKnownFileType = sourcecode.swift; path = LoginBottomSheetView.swift; sourceTree = "<group>"; };
		56D6EBE32D2DAD3000CEB750 /* Reminder.app */ = {isa = PBXFileReference; explicitFileType = wrapper.application; includeInIndex = 0; path = Reminder.app; sourceTree = BUILT_PRODUCTS_DIR; };
		56D6EBE62D2DAD3000CEB750 /* AppDelegate.swift */ = {isa = PBXFileReference; lastKnownFileType = sourcecode.swift; path = AppDelegate.swift; sourceTree = "<group>"; };
		56D6EBE82D2DAD3000CEB750 /* SceneDelegate.swift */ = {isa = PBXFileReference; lastKnownFileType = sourcecode.swift; path = SceneDelegate.swift; sourceTree = "<group>"; };
		56D6EBEF2D2DAD3600CEB750 /* Assets.xcassets */ = {isa = PBXFileReference; lastKnownFileType = folder.assetcatalog; path = Assets.xcassets; sourceTree = "<group>"; };
		56D6EBF42D2DAD3600CEB750 /* Info.plist */ = {isa = PBXFileReference; lastKnownFileType = text.plist.xml; path = Info.plist; sourceTree = "<group>"; };
		56D6EBFD2D2DB87C00CEB750 /* SplashViewController.swift */ = {isa = PBXFileReference; lastKnownFileType = sourcecode.swift; path = SplashViewController.swift; sourceTree = "<group>"; };
		56D6EBFF2D2DB94400CEB750 /* SplashView.swift */ = {isa = PBXFileReference; lastKnownFileType = sourcecode.swift; path = SplashView.swift; sourceTree = "<group>"; };
		56D6EC032D2DD68D00CEB750 /* Colors.swift */ = {isa = PBXFileReference; lastKnownFileType = sourcecode.swift; path = Colors.swift; sourceTree = "<group>"; };
		56D6EC062D2DE41800CEB750 /* Text.swift */ = {isa = PBXFileReference; lastKnownFileType = sourcecode.swift; path = Text.swift; sourceTree = "<group>"; };
		56D6EC092D2DE66200CEB750 /* Metrics.swift */ = {isa = PBXFileReference; lastKnownFileType = sourcecode.swift; path = Metrics.swift; sourceTree = "<group>"; };
/* End PBXFileReference section */

/* Begin PBXFrameworksBuildPhase section */
		56D6EBE02D2DAD3000CEB750 /* Frameworks */ = {
			isa = PBXFrameworksBuildPhase;
			buildActionMask = 2147483647;
			files = (
			);
			runOnlyForDeploymentPostprocessing = 0;
		};
/* End PBXFrameworksBuildPhase section */

/* Begin PBXGroup section */
		562632842D2E343300DB238B /* LoginBottomSheet */ = {
			isa = PBXGroup;
			children = (
				562632852D2E347200DB238B /* LoginBSViewController.swift */,
				562632872D2E351C00DB238B /* LoginBottomSheetView.swift */,
			);
			path = LoginBottomSheet;
			sourceTree = "<group>";
		};
		56D6EBDA2D2DAD3000CEB750 = {
			isa = PBXGroup;
			children = (
				56D6EBE52D2DAD3000CEB750 /* Reminder */,
				56D6EBE42D2DAD3000CEB750 /* Products */,
			);
			sourceTree = "<group>";
		};
		56D6EBE42D2DAD3000CEB750 /* Products */ = {
			isa = PBXGroup;
			children = (
				56D6EBE32D2DAD3000CEB750 /* Reminder.app */,
			);
			name = Products;
			sourceTree = "<group>";
		};
		56D6EBE52D2DAD3000CEB750 /* Reminder */ = {
			isa = PBXGroup;
			children = (
				56D6EBFA2D2DB85800CEB750 /* Sources */,
				56D6EBE62D2DAD3000CEB750 /* AppDelegate.swift */,
				56D6EBE82D2DAD3000CEB750 /* SceneDelegate.swift */,
				56D6EBEF2D2DAD3600CEB750 /* Assets.xcassets */,
				56D6EBF42D2DAD3600CEB750 /* Info.plist */,
			);
			path = Reminder;
			sourceTree = "<group>";
		};
		56D6EBFA2D2DB85800CEB750 /* Sources */ = {
			isa = PBXGroup;
			children = (
				56D6EBFB2D2DB85F00CEB750 /* Features */,
			);
			path = Sources;
			sourceTree = "<group>";
		};
		56D6EBFB2D2DB85F00CEB750 /* Features */ = {
			isa = PBXGroup;
			children = (
				562632842D2E343300DB238B /* LoginBottomSheet */,
				56D6EC012D2DD67700CEB750 /* Constants */,
				56D6EBFC2D2DB86800CEB750 /* Splash */,
			);
			path = Features;
			sourceTree = "<group>";
		};
		56D6EBFC2D2DB86800CEB750 /* Splash */ = {
			isa = PBXGroup;
			children = (
				56D6EBFD2D2DB87C00CEB750 /* SplashViewController.swift */,
				56D6EBFF2D2DB94400CEB750 /* SplashView.swift */,
			);
			path = Splash;
			sourceTree = "<group>";
		};
		56D6EC012D2DD67700CEB750 /* Constants */ = {
			isa = PBXGroup;
			children = (
				56D6EC082D2DE65700CEB750 /* Metrics */,
				56D6EC052D2DE40C00CEB750 /* Text */,
				56D6EC022D2DD68000CEB750 /* Colors */,
			);
			path = Constants;
			sourceTree = "<group>";
		};
		56D6EC022D2DD68000CEB750 /* Colors */ = {
			isa = PBXGroup;
			children = (
				56D6EC032D2DD68D00CEB750 /* Colors.swift */,
			);
			path = Colors;
			sourceTree = "<group>";
		};
		56D6EC052D2DE40C00CEB750 /* Text */ = {
			isa = PBXGroup;
			children = (
				56D6EC062D2DE41800CEB750 /* Text.swift */,
			);
			path = Text;
			sourceTree = "<group>";
		};
		56D6EC082D2DE65700CEB750 /* Metrics */ = {
			isa = PBXGroup;
			children = (
				56D6EC092D2DE66200CEB750 /* Metrics.swift */,
			);
			path = Metrics;
			sourceTree = "<group>";
		};
/* End PBXGroup section */

/* Begin PBXNativeTarget section */
		56D6EBE22D2DAD3000CEB750 /* Reminder */ = {
			isa = PBXNativeTarget;
			buildConfigurationList = 56D6EBF72D2DAD3600CEB750 /* Build configuration list for PBXNativeTarget "Reminder" */;
			buildPhases = (
				56D6EBDF2D2DAD3000CEB750 /* Sources */,
				56D6EBE02D2DAD3000CEB750 /* Frameworks */,
				56D6EBE12D2DAD3000CEB750 /* Resources */,
			);
			buildRules = (
			);
			dependencies = (
			);
			name = Reminder;
			productName = Reminder;
			productReference = 56D6EBE32D2DAD3000CEB750 /* Reminder.app */;
			productType = "com.apple.product-type.application";
		};
/* End PBXNativeTarget section */

/* Begin PBXProject section */
		56D6EBDB2D2DAD3000CEB750 /* Project object */ = {
			isa = PBXProject;
			attributes = {
				BuildIndependentTargetsInParallel = 1;
				LastSwiftUpdateCheck = 1510;
				LastUpgradeCheck = 1510;
				TargetAttributes = {
					56D6EBE22D2DAD3000CEB750 = {
						CreatedOnToolsVersion = 15.1;
					};
				};
			};
			buildConfigurationList = 56D6EBDE2D2DAD3000CEB750 /* Build configuration list for PBXProject "Reminder" */;
			compatibilityVersion = "Xcode 14.0";
			developmentRegion = en;
			hasScannedForEncodings = 0;
			knownRegions = (
				en,
				Base,
			);
			mainGroup = 56D6EBDA2D2DAD3000CEB750;
			productRefGroup = 56D6EBE42D2DAD3000CEB750 /* Products */;
			projectDirPath = "";
			projectRoot = "";
			targets = (
				56D6EBE22D2DAD3000CEB750 /* Reminder */,
			);
		};
/* End PBXProject section */

/* Begin PBXResourcesBuildPhase section */
		56D6EBE12D2DAD3000CEB750 /* Resources */ = {
			isa = PBXResourcesBuildPhase;
			buildActionMask = 2147483647;
			files = (
				56D6EBF02D2DAD3600CEB750 /* Assets.xcassets in Resources */,
			);
			runOnlyForDeploymentPostprocessing = 0;
		};
/* End PBXResourcesBuildPhase section */

/* Begin PBXSourcesBuildPhase section */
		56D6EBDF2D2DAD3000CEB750 /* Sources */ = {
			isa = PBXSourcesBuildPhase;
			buildActionMask = 2147483647;
			files = (
				56D6EBFE2D2DB87C00CEB750 /* SplashViewController.swift in Sources */,
				56D6EC042D2DD68D00CEB750 /* Colors.swift in Sources */,
				56D6EC002D2DB94400CEB750 /* SplashView.swift in Sources */,
				562632862D2E347200DB238B /* LoginBSViewController.swift in Sources */,
				562632882D2E351C00DB238B /* LoginBottomSheetView.swift in Sources */,
				56D6EBE72D2DAD3000CEB750 /* AppDelegate.swift in Sources */,
				56D6EC0A2D2DE66200CEB750 /* Metrics.swift in Sources */,
				56D6EC072D2DE41800CEB750 /* Text.swift in Sources */,
				56D6EBE92D2DAD3000CEB750 /* SceneDelegate.swift in Sources */,
			);
			runOnlyForDeploymentPostprocessing = 0;
		};
/* End PBXSourcesBuildPhase section */

/* Begin XCBuildConfiguration section */
		56D6EBF52D2DAD3600CEB750 /* Debug */ = {
			isa = XCBuildConfiguration;
			buildSettings = {
				ALWAYS_SEARCH_USER_PATHS = NO;
				ASSETCATALOG_COMPILER_GENERATE_SWIFT_ASSET_SYMBOL_EXTENSIONS = YES;
				CLANG_ANALYZER_NONNULL = YES;
				CLANG_ANALYZER_NUMBER_OBJECT_CONVERSION = YES_AGGRESSIVE;
				CLANG_CXX_LANGUAGE_STANDARD = "gnu++20";
				CLANG_ENABLE_MODULES = YES;
				CLANG_ENABLE_OBJC_ARC = YES;
				CLANG_ENABLE_OBJC_WEAK = YES;
				CLANG_WARN_BLOCK_CAPTURE_AUTORELEASING = YES;
				CLANG_WARN_BOOL_CONVERSION = YES;
				CLANG_WARN_COMMA = YES;
				CLANG_WARN_CONSTANT_CONVERSION = YES;
				CLANG_WARN_DEPRECATED_OBJC_IMPLEMENTATIONS = YES;
				CLANG_WARN_DIRECT_OBJC_ISA_USAGE = YES_ERROR;
				CLANG_WARN_DOCUMENTATION_COMMENTS = YES;
				CLANG_WARN_EMPTY_BODY = YES;
				CLANG_WARN_ENUM_CONVERSION = YES;
				CLANG_WARN_INFINITE_RECURSION = YES;
				CLANG_WARN_INT_CONVERSION = YES;
				CLANG_WARN_NON_LITERAL_NULL_CONVERSION = YES;
				CLANG_WARN_OBJC_IMPLICIT_RETAIN_SELF = YES;
				CLANG_WARN_OBJC_LITERAL_CONVERSION = YES;
				CLANG_WARN_OBJC_ROOT_CLASS = YES_ERROR;
				CLANG_WARN_QUOTED_INCLUDE_IN_FRAMEWORK_HEADER = YES;
				CLANG_WARN_RANGE_LOOP_ANALYSIS = YES;
				CLANG_WARN_STRICT_PROTOTYPES = YES;
				CLANG_WARN_SUSPICIOUS_MOVE = YES;
				CLANG_WARN_UNGUARDED_AVAILABILITY = YES_AGGRESSIVE;
				CLANG_WARN_UNREACHABLE_CODE = YES;
				CLANG_WARN__DUPLICATE_METHOD_MATCH = YES;
				COPY_PHASE_STRIP = NO;
				DEBUG_INFORMATION_FORMAT = dwarf;
				ENABLE_STRICT_OBJC_MSGSEND = YES;
				ENABLE_TESTABILITY = YES;
				ENABLE_USER_SCRIPT_SANDBOXING = YES;
				GCC_C_LANGUAGE_STANDARD = gnu17;
				GCC_DYNAMIC_NO_PIC = NO;
				GCC_NO_COMMON_BLOCKS = YES;
				GCC_OPTIMIZATION_LEVEL = 0;
				GCC_PREPROCESSOR_DEFINITIONS = (
					"DEBUG=1",
					"$(inherited)",
				);
				GCC_WARN_64_TO_32_BIT_CONVERSION = YES;
				GCC_WARN_ABOUT_RETURN_TYPE = YES_ERROR;
				GCC_WARN_UNDECLARED_SELECTOR = YES;
				GCC_WARN_UNINITIALIZED_AUTOS = YES_AGGRESSIVE;
				GCC_WARN_UNUSED_FUNCTION = YES;
				GCC_WARN_UNUSED_VARIABLE = YES;
				IPHONEOS_DEPLOYMENT_TARGET = 17.2;
				LOCALIZATION_PREFERS_STRING_CATALOGS = YES;
				MTL_ENABLE_DEBUG_INFO = INCLUDE_SOURCE;
				MTL_FAST_MATH = YES;
				ONLY_ACTIVE_ARCH = YES;
				SDKROOT = iphoneos;
				SWIFT_ACTIVE_COMPILATION_CONDITIONS = "DEBUG $(inherited)";
				SWIFT_OPTIMIZATION_LEVEL = "-Onone";
			};
			name = Debug;
		};
		56D6EBF62D2DAD3600CEB750 /* Release */ = {
			isa = XCBuildConfiguration;
			buildSettings = {
				ALWAYS_SEARCH_USER_PATHS = NO;
				ASSETCATALOG_COMPILER_GENERATE_SWIFT_ASSET_SYMBOL_EXTENSIONS = YES;
				CLANG_ANALYZER_NONNULL = YES;
				CLANG_ANALYZER_NUMBER_OBJECT_CONVERSION = YES_AGGRESSIVE;
				CLANG_CXX_LANGUAGE_STANDARD = "gnu++20";
				CLANG_ENABLE_MODULES = YES;
				CLANG_ENABLE_OBJC_ARC = YES;
				CLANG_ENABLE_OBJC_WEAK = YES;
				CLANG_WARN_BLOCK_CAPTURE_AUTORELEASING = YES;
				CLANG_WARN_BOOL_CONVERSION = YES;
				CLANG_WARN_COMMA = YES;
				CLANG_WARN_CONSTANT_CONVERSION = YES;
				CLANG_WARN_DEPRECATED_OBJC_IMPLEMENTATIONS = YES;
				CLANG_WARN_DIRECT_OBJC_ISA_USAGE = YES_ERROR;
				CLANG_WARN_DOCUMENTATION_COMMENTS = YES;
				CLANG_WARN_EMPTY_BODY = YES;
				CLANG_WARN_ENUM_CONVERSION = YES;
				CLANG_WARN_INFINITE_RECURSION = YES;
				CLANG_WARN_INT_CONVERSION = YES;
				CLANG_WARN_NON_LITERAL_NULL_CONVERSION = YES;
				CLANG_WARN_OBJC_IMPLICIT_RETAIN_SELF = YES;
				CLANG_WARN_OBJC_LITERAL_CONVERSION = YES;
				CLANG_WARN_OBJC_ROOT_CLASS = YES_ERROR;
				CLANG_WARN_QUOTED_INCLUDE_IN_FRAMEWORK_HEADER = YES;
				CLANG_WARN_RANGE_LOOP_ANALYSIS = YES;
				CLANG_WARN_STRICT_PROTOTYPES = YES;
				CLANG_WARN_SUSPICIOUS_MOVE = YES;
				CLANG_WARN_UNGUARDED_AVAILABILITY = YES_AGGRESSIVE;
				CLANG_WARN_UNREACHABLE_CODE = YES;
				CLANG_WARN__DUPLICATE_METHOD_MATCH = YES;
				COPY_PHASE_STRIP = NO;
				DEBUG_INFORMATION_FORMAT = "dwarf-with-dsym";
				ENABLE_NS_ASSERTIONS = NO;
				ENABLE_STRICT_OBJC_MSGSEND = YES;
				ENABLE_USER_SCRIPT_SANDBOXING = YES;
				GCC_C_LANGUAGE_STANDARD = gnu17;
				GCC_NO_COMMON_BLOCKS = YES;
				GCC_WARN_64_TO_32_BIT_CONVERSION = YES;
				GCC_WARN_ABOUT_RETURN_TYPE = YES_ERROR;
				GCC_WARN_UNDECLARED_SELECTOR = YES;
				GCC_WARN_UNINITIALIZED_AUTOS = YES_AGGRESSIVE;
				GCC_WARN_UNUSED_FUNCTION = YES;
				GCC_WARN_UNUSED_VARIABLE = YES;
				IPHONEOS_DEPLOYMENT_TARGET = 17.2;
				LOCALIZATION_PREFERS_STRING_CATALOGS = YES;
				MTL_ENABLE_DEBUG_INFO = NO;
				MTL_FAST_MATH = YES;
				SDKROOT = iphoneos;
				SWIFT_COMPILATION_MODE = wholemodule;
				VALIDATE_PRODUCT = YES;
			};
			name = Release;
		};
		56D6EBF82D2DAD3600CEB750 /* Debug */ = {
			isa = XCBuildConfiguration;
			buildSettings = {
				ASSETCATALOG_COMPILER_APPICON_NAME = AppIcon;
				ASSETCATALOG_COMPILER_GLOBAL_ACCENT_COLOR_NAME = AccentColor;
				CODE_SIGN_STYLE = Automatic;
				CURRENT_PROJECT_VERSION = 1;
				DEVELOPMENT_TEAM = 3X2GLAB7N5;
				GENERATE_INFOPLIST_FILE = YES;
				INFOPLIST_FILE = Reminder/Info.plist;
				INFOPLIST_KEY_UIApplicationSupportsIndirectInputEvents = YES;
				INFOPLIST_KEY_UILaunchStoryboardName = SplashViewController;
				INFOPLIST_KEY_UISupportedInterfaceOrientations_iPad = "UIInterfaceOrientationPortrait UIInterfaceOrientationPortraitUpsideDown UIInterfaceOrientationLandscapeLeft UIInterfaceOrientationLandscapeRight";
				INFOPLIST_KEY_UISupportedInterfaceOrientations_iPhone = "UIInterfaceOrientationPortrait UIInterfaceOrientationLandscapeLeft UIInterfaceOrientationLandscapeRight";
				LD_RUNPATH_SEARCH_PATHS = (
					"$(inherited)",
					"@executable_path/Frameworks",
				);
				MARKETING_VERSION = 1.0;
				PRODUCT_BUNDLE_IDENTIFIER = com.nlwpocket.Reminder;
				PRODUCT_NAME = "$(TARGET_NAME)";
				SWIFT_EMIT_LOC_STRINGS = YES;
				SWIFT_VERSION = 5.0;
				TARGETED_DEVICE_FAMILY = "1,2";
			};
			name = Debug;
		};
		56D6EBF92D2DAD3600CEB750 /* Release */ = {
			isa = XCBuildConfiguration;
			buildSettings = {
				ASSETCATALOG_COMPILER_APPICON_NAME = AppIcon;
				ASSETCATALOG_COMPILER_GLOBAL_ACCENT_COLOR_NAME = AccentColor;
				CODE_SIGN_STYLE = Automatic;
				CURRENT_PROJECT_VERSION = 1;
				DEVELOPMENT_TEAM = 3X2GLAB7N5;
				GENERATE_INFOPLIST_FILE = YES;
				INFOPLIST_FILE = Reminder/Info.plist;
				INFOPLIST_KEY_UIApplicationSupportsIndirectInputEvents = YES;
				INFOPLIST_KEY_UILaunchStoryboardName = SplashViewController;
				INFOPLIST_KEY_UISupportedInterfaceOrientations_iPad = "UIInterfaceOrientationPortrait UIInterfaceOrientationPortraitUpsideDown UIInterfaceOrientationLandscapeLeft UIInterfaceOrientationLandscapeRight";
				INFOPLIST_KEY_UISupportedInterfaceOrientations_iPhone = "UIInterfaceOrientationPortrait UIInterfaceOrientationLandscapeLeft UIInterfaceOrientationLandscapeRight";
				LD_RUNPATH_SEARCH_PATHS = (
					"$(inherited)",
					"@executable_path/Frameworks",
				);
				MARKETING_VERSION = 1.0;
				PRODUCT_BUNDLE_IDENTIFIER = com.nlwpocket.Reminder;
				PRODUCT_NAME = "$(TARGET_NAME)";
				SWIFT_EMIT_LOC_STRINGS = YES;
				SWIFT_VERSION = 5.0;
				TARGETED_DEVICE_FAMILY = "1,2";
			};
			name = Release;
		};
/* End XCBuildConfiguration section */

/* Begin XCConfigurationList section */
		56D6EBDE2D2DAD3000CEB750 /* Build configuration list for PBXProject "Reminder" */ = {
			isa = XCConfigurationList;
			buildConfigurations = (
				56D6EBF52D2DAD3600CEB750 /* Debug */,
				56D6EBF62D2DAD3600CEB750 /* Release */,
			);
			defaultConfigurationIsVisible = 0;
			defaultConfigurationName = Release;
		};
		56D6EBF72D2DAD3600CEB750 /* Build configuration list for PBXNativeTarget "Reminder" */ = {
			isa = XCConfigurationList;
			buildConfigurations = (
				56D6EBF82D2DAD3600CEB750 /* Debug */,
				56D6EBF92D2DAD3600CEB750 /* Release */,
			);
			defaultConfigurationIsVisible = 0;
			defaultConfigurationName = Release;
		};
/* End XCConfigurationList section */
	};
	rootObject = 56D6EBDB2D2DAD3000CEB750 /* Project object */;
}
